
Microsoft Visual Studio Solution File, Format Version 12.00
# Visual Studio 2013
VisualStudioVersion = 12.0.31101.0
MinimumVisualStudioVersion = 10.0.40219.1
Project("{FAE04EC0-301F-11D3-BF4B-00C04F79EFBC}") = "UniDec", "UniDec\UniDec.csproj", "{D0C73AFB-BC5C-42A3-ADE8-FAE6A3C3514D}"
EndProject
Project("{FAE04EC0-301F-11D3-BF4B-00C04F79EFBC}") = "UniDecAPI", "UniDecAPI\UniDecAPI.csproj", "{51DBDBD0-7AFE-4656-9C0B-2EA47FFEF908}"
EndProject
Global
	GlobalSection(SolutionConfigurationPlatforms) = preSolution
		Debug|Any CPU = Debug|Any CPU
		Release|Any CPU = Release|Any CPU
	EndGlobalSection
	GlobalSection(ProjectConfigurationPlatforms) = postSolution
		{D0C73AFB-BC5C-42A3-ADE8-FAE6A3C3514D}.Debug|Any CPU.ActiveCfg = Debug|Any CPU
		{D0C73AFB-BC5C-42A3-ADE8-FAE6A3C3514D}.Debug|Any CPU.Build.0 = Debug|Any CPU
		{D0C73AFB-BC5C-42A3-ADE8-FAE6A3C3514D}.Release|Any CPU.ActiveCfg = Release|Any CPU
		{D0C73AFB-BC5C-42A3-ADE8-FAE6A3C3514D}.Release|Any CPU.Build.0 = Release|Any CPU
		{51DBDBD0-7AFE-4656-9C0B-2EA47FFEF908}.Debug|Any CPU.ActiveCfg = Debug|Any CPU
		{51DBDBD0-7AFE-4656-9C0B-2EA47FFEF908}.Debug|Any CPU.Build.0 = Debug|Any CPU
		{51DBDBD0-7AFE-4656-9C0B-2EA47FFEF908}.Release|Any CPU.ActiveCfg = Release|Any CPU
		{51DBDBD0-7AFE-4656-9C0B-2EA47FFEF908}.Release|Any CPU.Build.0 = Release|Any CPU
	EndGlobalSection
	GlobalSection(SolutionProperties) = preSolution
		HideSolutionNode = FALSE
	EndGlobalSection
EndGlobal
